{
  "requires": true,
  "lockfileVersion": 1,
  "dependencies": {
    "ress": {
      "version": "3.0.0",
      "resolved": "https://registry.npmjs.org/ress/-/ress-3.0.0.tgz",
      "integrity": "sha512-MTPto7t44AawqmSbEmvMKoSMWPnxjaTuHf94s7RjWxuSGFN0o8/b+6yOwkaC50+Vihjsu6ODUEQR397gTMn57w=="
    }
  }
}
